{
  "version": 4,
  "terraform_version": "1.2.3",
  "serial": 39,
  "lineage": "f61d1531-4336-8cf5-efe8-d1f3c2ae8905",
  "outputs": {
    "public_ip_address": {
      "value": "20.169.138.157",
      "type": "string"
    },
    "resource_group_name": {
      "value": "rg-noble-boar",
      "type": "string"
    },
    "tls_private_key": {
      "value": "-----BEGIN RSA PRIVATE KEY-----\nMIIJKgIBAAKCAgEAzKWhgxfDg/zvhF+yqC3Q012egiNf765i2qj1AbSej20XQlYe\nwFXHb/cPMBzxHdex/k8wepjC7+wFomc23TVmBTh5I9B5ZaYT0LMGj1vr786IZHYm\npCqc3g0Wx04yZqmhjGhibvnjt8uZFAgGyn4KjIl3axmKYDE2fa9cS5QiGZZ1LWfw\nRIrORKrHm4Bso9CoLMKz1TXqELjSvdqqrjOcYfRdoDRQHrgXy0QYX991RyRbW4aU\n2dWxLIOoMaguWIWQz8awg+1xFLvoe8I83SB2ePz9I0gNS9B0AWwUKelZw1oyijCz\nHXjKQhgig/sY5FipaJ6IUdyvlB7/Yo3hj0tKWosXQnfISrioUd1yRVyichuFF+pp\nLOOLRar2Haly8PltrOnFv//W252tpp4QiDObXdsrSCzj+SmEhAWQdaeLlzJ8c7Wp\nHB2j1l62kzi1d/i+XSzCfDyflGIyt+OOz6swl2E5mHNc5v8nkOXwHH6M/jQkT7Ew\nntzCF2rlidOY3kVzB7x2w8qRLh/euQx2gtEAU/C0rSP4ExJaVBYY+70EEssbuPM3\nmghFeH3X7dXZJbzXKUm+PqJv54p27oHK3PWcurLr08qvpe78bHPZ35USVMNEBlLb\nwzMXKwb+1/0r4OkS//KIQbxCmijqKKFdrDQ7hqqUYX/ai6eNUAoEjDOVowcCAwEA\nAQKCAgBVR1gstsRkxgxRj0d1ydHRopuhA3jA+lx7XhjrIwdIIV+l5xldcOFxCPUt\nSYI4u1+S6BD9pZbmP+aBLJ2yRMREvKnOgNt1vmVXfKLpLpb9EYXIx2uG0bMY3T92\nwmFCYsHNLtqGAGAigRdDP60EyM1AjzBSUwxU1W0tptvBKvOi0g32Y++9wFIAT2Jq\nrHOZOCQ8ss4ZtSPa4AoBz5N8kElEkH5LekFA69oOfEvj98x5Xu8rDsQMmn4AXMTE\nHJ9jiBU2YEfCUjnjOALDP8f5JcP42wPppebUhwMwbIdih7k+LOIOsAiT6XfvXvtT\nIFnZHhFKZXXNFzebc+dcfF9YRTmwDlfQlFe71yvpWTNzZGDcThMIZenyU/qSrCLL\nZV9sEeeX3QjYFxG1PLFp+Rh9ehbDW/sZWhKsjQMhzvJ29/GwOPu5/74H0+v6eUhW\niTqg5lttJWceyZLC9bj5ZyZ2WDM1LCE1k+FlDpkGTNi59I9YSZrz8V8eyvmt8L2H\nKx4FWriBzZE77qRUJO6ndIw9AWfnEAUMe1qW/se0eY6/2f8V1F27P8Kj/ltWoaJr\nhFF53zYGkKwqY1kAgjEXOe0BqsSdUu6BMW6UtcYB+nRjuOPH6kDQryGGSdqkDHrc\nCCWMZXmEZaRXFux57hTv3QLcVnnwaknZ+HnHMuBuXD5dCfs8QQKCAQEA8vV/FojU\neW1hb3ZcWwqKRL30u8rOWhwiWpN+4om5Qsl5un3+ZCUPoa8Fdx4dMHv0rD4C6oeu\nlowNWfclLohMKKJdjZff3rtCXwNrbQ9P688JV3VeZUUMVb8EudIDqTmHNET/w3RF\nsJ9WVl1pBYtP2O3R34R+zA5e25lRSoh1kJJYY9Wo5ivpL+eGUzG2lw71YpIrc14G\nrSxriEoELdLxcRuA8vV6vy5YZFCevDt3ezoVt3RJoF5BFPqmWhaDb6zzDF9gaSyo\nNZM1UJWUeebAOH4nRfxuuZWWTwGB9BW5zRM0zUTGHhuogzuDIJosjT+vfiXAQ98y\nuxcYsgn57+5R1wKCAQEA16GwXkOaelNJnu1DPZVsrS7Tm6Iio3wpWBh1awCGuPzv\nXkr9NT17ryRExwK0VD3mWtRmCbky+ULT+hfOUn+4WZ+3ORvU8kA9HDBRHpjE9ap4\nxvTs8NE33DIqgoJYpZSf9UCfA37iXIRlU1iE919pZLAEtK2uBaLu4v4Uy9URbdM8\n6NO1tkFI+Zz7A1M4DDo39FPYi1I9zSXHZWoXVGi4CDVtqWaziHa/ijYQec0XhKzT\nnc/X4PKMk23oZqg5R3xBcKG/N0tAuaqvSZo2ZYwMZVh9BN16uc1XYmqhZFEb9rEq\nteUxm9Tbw208epH0XO19e30ej0e/UUpai6jRvaRyUQKCAQEAhGJcc2zvSZLeKpv1\nyu29VaOjvMfPFK6L0YrY8ptUxR1/JK0OdobzM4hok/Vmtkp0kX3gnOZ9rS52//R4\n4BgIV4PRMhv1MiobCiaU3IIhbD4NuwgK/WdYR0ikTJQwxn7AOyz1qAytBIZtxvVz\nCkBUq8E6QG6zoICcE1BBSTl9xd7YJt3/ABwhHacsPBy0fy75alJ3No+fV7ECjuq1\nyDpOsPDpnHlB/vZD17VOKQbGHfEScDn+/FEfaU0CY8gsqic08CLwJ57bsQWbYWN/\n2cRwLNggkjPwKVNm6XnK07Ma4LF8bfTxdupfMdK1qogXioePGk97qf/uZp85J5nk\nBGZ5VQKCAQEAlf3Xo8pcoyhaNp2Nv0G4ZcMD2OdwNs5AKBJjYrnr/LOcgbeh6C3L\nYinVWaVM8KhaGuZR0AOuLGrK7tUuZH6JKnaJycTNXHFI0NnfI2xa3RPmjWaDhoPR\n2m5e2Yd3yD3ZAo0fzxuss3Q40z/oxfXtZud1boS9XxhWGTlqF9svE3jzjnTtmkhR\nTahfhpGVlBPPJjpIj6j2akQULjwc3E83bCZWEJbq3UrUs3wl+8Ooz1Y0oTqZTNUK\n6eZy2S29IjeRgZpRW1ISRNQwt/74RaykVr61v/Ob0bC/Tysi9pfg3rmgHwS9fEsV\nTxwmDJCILTfZqFOBNWNP9mjFEQ6uTr8b8QKCAQEA8Wx9qk0LPG4xc9p0pIkkHVEv\nug2uwmcFVYKTQVfbu5lad7ZN97m10QZPg3HzGcWqGgoO89qa866s+F4QldtwF4Xq\noYmAiT3GLWuaCLUvGUKfMoBD+7jghvlTeDqp9L6g3jltPbC6x77zmPdYCOt/KHJf\nqv64e7ribXGvfoStTtodVNv9hIp2Ye6mQ11BEaFYCBgzghZ4H0F5HXqXAuJRBys5\nnSjtDQmIcSSRimemcM9G4EhL/bytMjW8oJYwYvPLwv1LpArIGWJM0pxvkOs3kWy+\nCcgxgrNcLuZM2dNK5UJrXqzD/34qNvSLbXN6pcrwQO/ufRjagb5BRNEw6BnkVw==\n-----END RSA PRIVATE KEY-----\n",
      "type": "string",
      "sensitive": true
    }
  },
  "resources": [
    {
      "mode": "managed",
      "type": "azurerm_linux_virtual_machine",
      "name": "my_terraform_vm",
      "provider": "provider[\"registry.terraform.io/hashicorp/azurerm\"]",
      "instances": [
        {
          "schema_version": 0,
          "attributes": {
            "additional_capabilities": [],
            "admin_password": null,
            "admin_ssh_key": [
              {
                "public_key": "ssh-rsa AAAAB3NzaC1yc2EAAAADAQABAAACAQDMpaGDF8OD/O+EX7KoLdDTXZ6CI1/vrmLaqPUBtJ6PbRdCVh7AVcdv9w8wHPEd17H+TzB6mMLv7AWiZzbdNWYFOHkj0HllphPQswaPW+vvzohkdiakKpzeDRbHTjJmqaGMaGJu+eO3y5kUCAbKfgqMiXdrGYpgMTZ9r1xLlCIZlnUtZ/BEis5EqsebgGyj0KgswrPVNeoQuNK92qquM5xh9F2gNFAeuBfLRBhf33VHJFtbhpTZ1bEsg6gxqC5YhZDPxrCD7XEUu+h7wjzdIHZ4/P0jSA1L0HQBbBQp6VnDWjKKMLMdeMpCGCKD+xjkWKlonohR3K+UHv9ijeGPS0paixdCd8hKuKhR3XJFXKJyG4UX6mks44tFqvYdqXLw+W2s6cW//9bbna2mnhCIM5td2ytILOP5KYSEBZB1p4uXMnxztakcHaPWXraTOLV3+L5dLMJ8PJ+UYjK3447PqzCXYTmYc1zm/yeQ5fAcfoz+NCRPsTCe3MIXauWJ05jeRXMHvHbDypEuH965DHaC0QBT8LStI/gTElpUFhj7vQQSyxu48zeaCEV4fdft1dklvNcpSb4+om/ninbugcrc9Zy6suvTyq+l7vxsc9nflRJUw0QGUtvDMxcrBv7X/Svg6RL/8ohBvEKaKOoooV2sNDuGqpRhf9qLp41QCgSMM5WjBw==\n",
                "username": "azureuser"
              }
            ],
            "admin_username": "azureuser",
            "allow_extension_operations": true,
            "availability_set_id": "",
            "boot_diagnostics": [
              {
                "storage_account_uri": "https://diag2380887b892b7676.blob.core.windows.net/"
              }
            ],
            "computer_name": "myvm",
            "custom_data": null,
            "dedicated_host_group_id": "",
            "dedicated_host_id": "",
            "disable_password_authentication": true,
            "encryption_at_host_enabled": false,
            "eviction_policy": "",
            "extensions_time_budget": "PT1H30M",
            "id": "/subscriptions/5d498653-580f-4e59-a2fb-df5c716e2524/resourceGroups/rg-noble-boar/providers/Microsoft.Compute/virtualMachines/myVM",
            "identity": [
              {
                "identity_ids": [],
                "principal_id": "6396c4db-25a1-47b4-ac9a-e26a89371118",
                "tenant_id": "9a9e6d81-92f6-462f-8c71-fdbbf82e76ca",
                "type": "SystemAssigned"
              }
            ],
            "license_type": "",
            "location": "eastus",
            "max_bid_price": -1,
            "name": "myVM",
            "network_interface_ids": [
              "/subscriptions/5d498653-580f-4e59-a2fb-df5c716e2524/resourceGroups/rg-noble-boar/providers/Microsoft.Network/networkInterfaces/myNIC"
            ],
            "os_disk": [
              {
                "caching": "ReadWrite",
                "diff_disk_settings": [],
                "disk_encryption_set_id": "",
                "disk_size_gb": 30,
                "name": "myOsDisk",
                "storage_account_type": "Premium_LRS",
                "write_accelerator_enabled": false
              }
            ],
            "patch_mode": "ImageDefault",
            "plan": [],
            "platform_fault_domain": -1,
            "priority": "Regular",
            "private_ip_address": "10.0.1.4",
            "private_ip_addresses": [
              "10.0.1.4"
            ],
            "provision_vm_agent": true,
            "proximity_placement_group_id": "",
            "public_ip_address": "20.169.138.157",
            "public_ip_addresses": [
              "20.169.138.157"
            ],
            "resource_group_name": "rg-noble-boar",
            "secret": [],
            "secure_boot_enabled": false,
            "size": "Standard_DS1_v2",
            "source_image_id": "",
            "source_image_reference": [
              {
                "offer": "0001-com-ubuntu-server-jammy",
                "publisher": "Canonical",
                "sku": "22_04-lts-gen2",
                "version": "latest"
              }
            ],
            "tags": null,
            "timeouts": null,
            "user_data": "",
            "virtual_machine_id": "f802a6aa-f937-48f7-91b1-488ed4f20c1b",
            "virtual_machine_scale_set_id": "",
            "vtpm_enabled": false,
            "zone": ""
          },
          "sensitive_attributes": [],
          "private": "eyJlMmJmYjczMC1lY2FhLTExZTYtOGY4OC0zNDM2M2JjN2M0YzAiOnsiY3JlYXRlIjoyNzAwMDAwMDAwMDAwLCJkZWxldGUiOjI3MDAwMDAwMDAwMDAsInJlYWQiOjMwMDAwMDAwMDAwMCwidXBkYXRlIjoyNzAwMDAwMDAwMDAwfX0=",
          "dependencies": [
            "azurerm_network_interface.my_terraform_nic",
            "azurerm_public_ip.my_terraform_public_ip",
            "azurerm_resource_group.rg",
            "azurerm_storage_account.my_storage_account",
            "azurerm_subnet.my_terraform_subnet",
            "azurerm_virtual_network.my_terraform_network",
            "random_id.random_id",
            "random_pet.rg_name",
            "tls_private_key.example_ssh"
          ]
        }
      ]
    },
    {
      "mode": "managed",
      "type": "azurerm_network_interface",
      "name": "my_terraform_nic",
      "provider": "provider[\"registry.terraform.io/hashicorp/azurerm\"]",
      "instances": [
        {
          "schema_version": 0,
          "attributes": {
            "applied_dns_servers": [],
            "dns_servers": [],
            "enable_accelerated_networking": false,
            "enable_ip_forwarding": false,
            "id": "/subscriptions/5d498653-580f-4e59-a2fb-df5c716e2524/resourceGroups/rg-noble-boar/providers/Microsoft.Network/networkInterfaces/myNIC",
            "internal_dns_name_label": "",
            "internal_domain_name_suffix": "sghwp51itu4uzeungfpl3yz5df.bx.internal.cloudapp.net",
            "ip_configuration": [
              {
                "gateway_load_balancer_frontend_ip_configuration_id": "",
                "name": "my_nic_configuration",
                "primary": true,
                "private_ip_address": "10.0.1.4",
                "private_ip_address_allocation": "Dynamic",
                "private_ip_address_version": "IPv4",
                "public_ip_address_id": "/subscriptions/5d498653-580f-4e59-a2fb-df5c716e2524/resourceGroups/rg-noble-boar/providers/Microsoft.Network/publicIPAddresses/myPublicIP",
                "subnet_id": "/subscriptions/5d498653-580f-4e59-a2fb-df5c716e2524/resourceGroups/rg-noble-boar/providers/Microsoft.Network/virtualNetworks/myVnet/subnets/mySubnet"
              }
            ],
            "location": "eastus",
            "mac_address": "",
            "name": "myNIC",
            "private_ip_address": "10.0.1.4",
            "private_ip_addresses": [
              "10.0.1.4"
            ],
            "resource_group_name": "rg-noble-boar",
            "tags": null,
            "timeouts": null,
            "virtual_machine_id": ""
          },
          "sensitive_attributes": [],
          "private": "eyJlMmJmYjczMC1lY2FhLTExZTYtOGY4OC0zNDM2M2JjN2M0YzAiOnsiY3JlYXRlIjoxODAwMDAwMDAwMDAwLCJkZWxldGUiOjE4MDAwMDAwMDAwMDAsInJlYWQiOjMwMDAwMDAwMDAwMCwidXBkYXRlIjoxODAwMDAwMDAwMDAwfX0=",
          "dependencies": [
            "azurerm_public_ip.my_terraform_public_ip",
            "azurerm_resource_group.rg",
            "azurerm_subnet.my_terraform_subnet",
            "azurerm_virtual_network.my_terraform_network",
            "random_pet.rg_name"
          ]
        }
      ]
    },
    {
      "mode": "managed",
      "type": "azurerm_network_interface_security_group_association",
      "name": "example",
      "provider": "provider[\"registry.terraform.io/hashicorp/azurerm\"]",
      "instances": [
        {
          "schema_version": 0,
          "attributes": {
            "id": "/subscriptions/5d498653-580f-4e59-a2fb-df5c716e2524/resourceGroups/rg-noble-boar/providers/Microsoft.Network/networkInterfaces/myNIC|/subscriptions/5d498653-580f-4e59-a2fb-df5c716e2524/resourceGroups/rg-noble-boar/providers/Microsoft.Network/networkSecurityGroups/myNetworkSecurityGroup",
            "network_interface_id": "/subscriptions/5d498653-580f-4e59-a2fb-df5c716e2524/resourceGroups/rg-noble-boar/providers/Microsoft.Network/networkInterfaces/myNIC",
            "network_security_group_id": "/subscriptions/5d498653-580f-4e59-a2fb-df5c716e2524/resourceGroups/rg-noble-boar/providers/Microsoft.Network/networkSecurityGroups/myNetworkSecurityGroup",
            "timeouts": null
          },
          "sensitive_attributes": [],
          "private": "eyJlMmJmYjczMC1lY2FhLTExZTYtOGY4OC0zNDM2M2JjN2M0YzAiOnsiY3JlYXRlIjoxODAwMDAwMDAwMDAwLCJkZWxldGUiOjE4MDAwMDAwMDAwMDAsInJlYWQiOjMwMDAwMDAwMDAwMCwidXBkYXRlIjoxODAwMDAwMDAwMDAwfX0=",
          "dependencies": [
            "azurerm_network_interface.my_terraform_nic",
            "azurerm_network_security_group.my_terraform_nsg",
            "azurerm_public_ip.my_terraform_public_ip",
            "azurerm_resource_group.rg",
            "azurerm_subnet.my_terraform_subnet",
            "azurerm_virtual_network.my_terraform_network",
            "random_pet.rg_name"
          ]
        }
      ]
    },
    {
      "mode": "managed",
      "type": "azurerm_network_security_group",
      "name": "my_terraform_nsg",
      "provider": "provider[\"registry.terraform.io/hashicorp/azurerm\"]",
      "instances": [
        {
          "schema_version": 0,
          "attributes": {
            "id": "/subscriptions/5d498653-580f-4e59-a2fb-df5c716e2524/resourceGroups/rg-noble-boar/providers/Microsoft.Network/networkSecurityGroups/myNetworkSecurityGroup",
            "location": "eastus",
            "name": "myNetworkSecurityGroup",
            "resource_group_name": "rg-noble-boar",
            "security_rule": [
              {
                "access": "Allow",
                "description": "",
                "destination_address_prefix": "*",
                "destination_address_prefixes": [],
                "destination_application_security_group_ids": [],
                "destination_port_range": "22",
                "destination_port_ranges": [],
                "direction": "Inbound",
                "name": "SSH",
                "priority": 1001,
                "protocol": "Tcp",
                "source_address_prefix": "*",
                "source_address_prefixes": [],
                "source_application_security_group_ids": [],
                "source_port_range": "*",
                "source_port_ranges": []
              }
            ],
            "tags": null,
            "timeouts": null
          },
          "sensitive_attributes": [],
          "private": "eyJlMmJmYjczMC1lY2FhLTExZTYtOGY4OC0zNDM2M2JjN2M0YzAiOnsiY3JlYXRlIjoxODAwMDAwMDAwMDAwLCJkZWxldGUiOjE4MDAwMDAwMDAwMDAsInJlYWQiOjMwMDAwMDAwMDAwMCwidXBkYXRlIjoxODAwMDAwMDAwMDAwfX0=",
          "dependencies": [
            "azurerm_resource_group.rg",
            "random_pet.rg_name"
          ]
        }
      ]
    },
    {
      "mode": "managed",
      "type": "azurerm_public_ip",
      "name": "my_terraform_public_ip",
      "provider": "provider[\"registry.terraform.io/hashicorp/azurerm\"]",
      "instances": [
        {
          "schema_version": 0,
          "attributes": {
            "allocation_method": "Dynamic",
            "availability_zone": "No-Zone",
            "domain_name_label": null,
            "fqdn": null,
            "id": "/subscriptions/5d498653-580f-4e59-a2fb-df5c716e2524/resourceGroups/rg-noble-boar/providers/Microsoft.Network/publicIPAddresses/myPublicIP",
            "idle_timeout_in_minutes": 4,
            "ip_address": "",
            "ip_tags": null,
            "ip_version": "IPv4",
            "location": "eastus",
            "name": "myPublicIP",
            "public_ip_prefix_id": null,
            "resource_group_name": "rg-noble-boar",
            "reverse_fqdn": null,
            "sku": "Basic",
            "sku_tier": "Regional",
            "tags": null,
            "timeouts": null,
            "zones": []
          },
          "sensitive_attributes": [],
          "private": "eyJlMmJmYjczMC1lY2FhLTExZTYtOGY4OC0zNDM2M2JjN2M0YzAiOnsiY3JlYXRlIjoxODAwMDAwMDAwMDAwLCJkZWxldGUiOjE4MDAwMDAwMDAwMDAsInJlYWQiOjMwMDAwMDAwMDAwMCwidXBkYXRlIjoxODAwMDAwMDAwMDAwfX0=",
          "dependencies": [
            "azurerm_resource_group.rg",
            "random_pet.rg_name"
          ]
        }
      ]
    },
    {
      "mode": "managed",
      "type": "azurerm_resource_group",
      "name": "rg",
      "provider": "provider[\"registry.terraform.io/hashicorp/azurerm\"]",
      "instances": [
        {
          "schema_version": 0,
          "attributes": {
            "id": "/subscriptions/5d498653-580f-4e59-a2fb-df5c716e2524/resourceGroups/rg-noble-boar",
            "location": "eastus",
            "name": "rg-noble-boar",
            "tags": null,
            "timeouts": null
          },
          "sensitive_attributes": [],
          "private": "eyJlMmJmYjczMC1lY2FhLTExZTYtOGY4OC0zNDM2M2JjN2M0YzAiOnsiY3JlYXRlIjo1NDAwMDAwMDAwMDAwLCJkZWxldGUiOjU0MDAwMDAwMDAwMDAsInJlYWQiOjMwMDAwMDAwMDAwMCwidXBkYXRlIjo1NDAwMDAwMDAwMDAwfX0=",
          "dependencies": [
            "random_pet.rg_name"
          ]
        }
      ]
    },
    {
      "mode": "managed",
      "type": "azurerm_storage_account",
      "name": "my_storage_account",
      "provider": "provider[\"registry.terraform.io/hashicorp/azurerm\"]",
      "instances": [
        {
          "schema_version": 2,
          "attributes": {
            "access_tier": "Hot",
            "account_kind": "StorageV2",
            "account_replication_type": "LRS",
            "account_tier": "Standard",
            "allow_blob_public_access": false,
            "azure_files_authentication": [],
            "blob_properties": [
              {
                "change_feed_enabled": false,
                "container_delete_retention_policy": [],
                "cors_rule": [],
                "default_service_version": "",
                "delete_retention_policy": [],
                "last_access_time_enabled": false,
                "versioning_enabled": false
              }
            ],
            "custom_domain": [],
            "customer_managed_key": [],
            "enable_https_traffic_only": true,
            "id": "/subscriptions/5d498653-580f-4e59-a2fb-df5c716e2524/resourceGroups/rg-noble-boar/providers/Microsoft.Storage/storageAccounts/diag2380887b892b7676",
            "identity": [],
            "infrastructure_encryption_enabled": false,
            "is_hns_enabled": false,
            "large_file_share_enabled": null,
            "location": "eastus",
            "min_tls_version": "TLS1_0",
            "name": "diag2380887b892b7676",
            "network_rules": [
              {
                "bypass": [
                  "AzureServices"
                ],
                "default_action": "Allow",
                "ip_rules": [],
                "private_link_access": [],
                "virtual_network_subnet_ids": []
              }
            ],
            "nfsv3_enabled": false,
            "primary_access_key": "SpIaP4YnHvoedvFZdW7sTK3doAhYBsQvHQwKxfCzrNCmm/YapyTveSIg97t8ZFI473lNce4wCmqp+AStf4nfaQ==",
            "primary_blob_connection_string": "DefaultEndpointsProtocol=https;BlobEndpoint=https://diag2380887b892b7676.blob.core.windows.net/;AccountName=diag2380887b892b7676;AccountKey=SpIaP4YnHvoedvFZdW7sTK3doAhYBsQvHQwKxfCzrNCmm/YapyTveSIg97t8ZFI473lNce4wCmqp+AStf4nfaQ==",
            "primary_blob_endpoint": "https://diag2380887b892b7676.blob.core.windows.net/",
            "primary_blob_host": "diag2380887b892b7676.blob.core.windows.net",
            "primary_connection_string": "DefaultEndpointsProtocol=https;AccountName=diag2380887b892b7676;AccountKey=SpIaP4YnHvoedvFZdW7sTK3doAhYBsQvHQwKxfCzrNCmm/YapyTveSIg97t8ZFI473lNce4wCmqp+AStf4nfaQ==;EndpointSuffix=core.windows.net",
            "primary_dfs_endpoint": "https://diag2380887b892b7676.dfs.core.windows.net/",
            "primary_dfs_host": "diag2380887b892b7676.dfs.core.windows.net",
            "primary_file_endpoint": "https://diag2380887b892b7676.file.core.windows.net/",
            "primary_file_host": "diag2380887b892b7676.file.core.windows.net",
            "primary_location": "eastus",
            "primary_queue_endpoint": "https://diag2380887b892b7676.queue.core.windows.net/",
            "primary_queue_host": "diag2380887b892b7676.queue.core.windows.net",
            "primary_table_endpoint": "https://diag2380887b892b7676.table.core.windows.net/",
            "primary_table_host": "diag2380887b892b7676.table.core.windows.net",
            "primary_web_endpoint": "https://diag2380887b892b7676.z13.web.core.windows.net/",
            "primary_web_host": "diag2380887b892b7676.z13.web.core.windows.net",
            "queue_encryption_key_type": "Service",
            "queue_properties": [
              {
                "cors_rule": [],
                "hour_metrics": [
                  {
                    "enabled": true,
                    "include_apis": true,
                    "retention_policy_days": 7,
                    "version": "1.0"
                  }
                ],
                "logging": [
                  {
                    "delete": false,
                    "read": false,
                    "retention_policy_days": 0,
                    "version": "1.0",
                    "write": false
                  }
                ],
                "minute_metrics": [
                  {
                    "enabled": false,
                    "include_apis": false,
                    "retention_policy_days": 0,
                    "version": "1.0"
                  }
                ]
              }
            ],
            "resource_group_name": "rg-noble-boar",
            "routing": [],
            "secondary_access_key": "Z/VDLy2qXfqTrfuhOkoY/9q7VyRtNoV91eBPM38ruuGMqORZzGTiD5QXHIEZlR8DNETdmqHhv3IJ+AStotX0Pg==",
            "secondary_blob_connection_string": "",
            "secondary_blob_endpoint": null,
            "secondary_blob_host": null,
            "secondary_connection_string": "DefaultEndpointsProtocol=https;AccountName=diag2380887b892b7676;AccountKey=Z/VDLy2qXfqTrfuhOkoY/9q7VyRtNoV91eBPM38ruuGMqORZzGTiD5QXHIEZlR8DNETdmqHhv3IJ+AStotX0Pg==;EndpointSuffix=core.windows.net",
            "secondary_dfs_endpoint": null,
            "secondary_dfs_host": null,
            "secondary_file_endpoint": null,
            "secondary_file_host": null,
            "secondary_location": "",
            "secondary_queue_endpoint": null,
            "secondary_queue_host": null,
            "secondary_table_endpoint": null,
            "secondary_table_host": null,
            "secondary_web_endpoint": null,
            "secondary_web_host": null,
            "share_properties": [
              {
                "cors_rule": [],
                "retention_policy": [
                  {
                    "days": 7
                  }
                ],
                "smb": []
              }
            ],
            "shared_access_key_enabled": true,
            "static_website": [],
            "table_encryption_key_type": "Service",
            "tags": null,
            "timeouts": null
          },
          "sensitive_attributes": [],
          "private": "eyJlMmJmYjczMC1lY2FhLTExZTYtOGY4OC0zNDM2M2JjN2M0YzAiOnsiY3JlYXRlIjozNjAwMDAwMDAwMDAwLCJkZWxldGUiOjM2MDAwMDAwMDAwMDAsInJlYWQiOjMwMDAwMDAwMDAwMCwidXBkYXRlIjozNjAwMDAwMDAwMDAwfSwic2NoZW1hX3ZlcnNpb24iOiIyIn0=",
          "dependencies": [
            "azurerm_resource_group.rg",
            "random_id.random_id",
            "random_pet.rg_name"
          ]
        }
      ]
    },
    {
      "mode": "managed",
      "type": "azurerm_subnet",
      "name": "my_terraform_subnet",
      "provider": "provider[\"registry.terraform.io/hashicorp/azurerm\"]",
      "instances": [
        {
          "schema_version": 0,
          "attributes": {
            "address_prefix": "10.0.1.0/24",
            "address_prefixes": [
              "10.0.1.0/24"
            ],
            "delegation": [],
            "enforce_private_link_endpoint_network_policies": false,
            "enforce_private_link_service_network_policies": false,
            "id": "/subscriptions/5d498653-580f-4e59-a2fb-df5c716e2524/resourceGroups/rg-noble-boar/providers/Microsoft.Network/virtualNetworks/myVnet/subnets/mySubnet",
            "name": "mySubnet",
            "resource_group_name": "rg-noble-boar",
            "service_endpoint_policy_ids": null,
            "service_endpoints": null,
            "timeouts": null,
            "virtual_network_name": "myVnet"
          },
          "sensitive_attributes": [],
          "private": "eyJlMmJmYjczMC1lY2FhLTExZTYtOGY4OC0zNDM2M2JjN2M0YzAiOnsiY3JlYXRlIjoxODAwMDAwMDAwMDAwLCJkZWxldGUiOjE4MDAwMDAwMDAwMDAsInJlYWQiOjMwMDAwMDAwMDAwMCwidXBkYXRlIjoxODAwMDAwMDAwMDAwfX0=",
          "dependencies": [
            "azurerm_resource_group.rg",
            "azurerm_virtual_network.my_terraform_network",
            "random_pet.rg_name"
          ]
        }
      ]
    },
    {
      "mode": "managed",
      "type": "azurerm_virtual_network",
      "name": "my_terraform_network",
      "provider": "provider[\"registry.terraform.io/hashicorp/azurerm\"]",
      "instances": [
        {
          "schema_version": 0,
          "attributes": {
            "address_space": [
              "10.0.0.0/16"
            ],
            "bgp_community": "",
            "ddos_protection_plan": [],
            "dns_servers": [],
            "flow_timeout_in_minutes": 0,
            "guid": "ff678f91-9d68-4c3d-928d-315ebee33f1d",
            "id": "/subscriptions/5d498653-580f-4e59-a2fb-df5c716e2524/resourceGroups/rg-noble-boar/providers/Microsoft.Network/virtualNetworks/myVnet",
            "location": "eastus",
            "name": "myVnet",
            "resource_group_name": "rg-noble-boar",
            "subnet": [],
            "tags": null,
            "timeouts": null,
            "vm_protection_enabled": false
          },
          "sensitive_attributes": [],
          "private": "eyJlMmJmYjczMC1lY2FhLTExZTYtOGY4OC0zNDM2M2JjN2M0YzAiOnsiY3JlYXRlIjoxODAwMDAwMDAwMDAwLCJkZWxldGUiOjE4MDAwMDAwMDAwMDAsInJlYWQiOjMwMDAwMDAwMDAwMCwidXBkYXRlIjoxODAwMDAwMDAwMDAwfX0=",
          "dependencies": [
            "azurerm_resource_group.rg",
            "random_pet.rg_name"
          ]
        }
      ]
    },
    {
      "mode": "managed",
      "type": "random_id",
      "name": "random_id",
      "provider": "provider[\"registry.terraform.io/hashicorp/random\"]",
      "instances": [
        {
          "schema_version": 0,
          "attributes": {
            "b64_std": "I4CIe4krdnY=",
            "b64_url": "I4CIe4krdnY",
            "byte_length": 8,
            "dec": "2558194652510123638",
            "hex": "2380887b892b7676",
            "id": "I4CIe4krdnY",
            "keepers": {
              "resource_group": "rg-noble-boar"
            },
            "prefix": null
          },
          "sensitive_attributes": [],
          "dependencies": [
            "azurerm_resource_group.rg",
            "random_pet.rg_name"
          ]
        }
      ]
    },
    {
      "mode": "managed",
      "type": "random_pet",
      "name": "rg_name",
      "provider": "provider[\"registry.terraform.io/hashicorp/random\"]",
      "instances": [
        {
          "schema_version": 0,
          "attributes": {
            "id": "rg-noble-boar",
            "keepers": null,
            "length": 2,
            "prefix": "rg",
            "separator": "-"
          },
          "sensitive_attributes": []
        }
      ]
    },
    {
      "mode": "managed",
      "type": "tls_private_key",
      "name": "example_ssh",
      "provider": "provider[\"registry.terraform.io/hashicorp/tls\"]",
      "instances": [
        {
          "schema_version": 1,
          "attributes": {
            "algorithm": "RSA",
            "ecdsa_curve": "P224",
            "id": "5b5e4c0c6451fb0db219504700e049941bf49e75",
            "private_key_openssh": "-----BEGIN OPENSSH PRIVATE KEY-----\nb3BlbnNzaC1rZXktdjEAAAAABG5vbmUAAAAEbm9uZQAAAAAAAAABAAACFwAAAAdz\nc2gtcnNhAAAAAwEAAQAAAgEAzKWhgxfDg/zvhF+yqC3Q012egiNf765i2qj1AbSe\nj20XQlYewFXHb/cPMBzxHdex/k8wepjC7+wFomc23TVmBTh5I9B5ZaYT0LMGj1vr\n786IZHYmpCqc3g0Wx04yZqmhjGhibvnjt8uZFAgGyn4KjIl3axmKYDE2fa9cS5Qi\nGZZ1LWfwRIrORKrHm4Bso9CoLMKz1TXqELjSvdqqrjOcYfRdoDRQHrgXy0QYX991\nRyRbW4aU2dWxLIOoMaguWIWQz8awg+1xFLvoe8I83SB2ePz9I0gNS9B0AWwUKelZ\nw1oyijCzHXjKQhgig/sY5FipaJ6IUdyvlB7/Yo3hj0tKWosXQnfISrioUd1yRVyi\nchuFF+ppLOOLRar2Haly8PltrOnFv//W252tpp4QiDObXdsrSCzj+SmEhAWQdaeL\nlzJ8c7WpHB2j1l62kzi1d/i+XSzCfDyflGIyt+OOz6swl2E5mHNc5v8nkOXwHH6M\n/jQkT7EwntzCF2rlidOY3kVzB7x2w8qRLh/euQx2gtEAU/C0rSP4ExJaVBYY+70E\nEssbuPM3mghFeH3X7dXZJbzXKUm+PqJv54p27oHK3PWcurLr08qvpe78bHPZ35US\nVMNEBlLbwzMXKwb+1/0r4OkS//KIQbxCmijqKKFdrDQ7hqqUYX/ai6eNUAoEjDOV\nowcAAAc4cGMPbHBjD2wAAAAHc3NoLXJzYQAAAgEAzKWhgxfDg/zvhF+yqC3Q012e\ngiNf765i2qj1AbSej20XQlYewFXHb/cPMBzxHdex/k8wepjC7+wFomc23TVmBTh5\nI9B5ZaYT0LMGj1vr786IZHYmpCqc3g0Wx04yZqmhjGhibvnjt8uZFAgGyn4KjIl3\naxmKYDE2fa9cS5QiGZZ1LWfwRIrORKrHm4Bso9CoLMKz1TXqELjSvdqqrjOcYfRd\noDRQHrgXy0QYX991RyRbW4aU2dWxLIOoMaguWIWQz8awg+1xFLvoe8I83SB2ePz9\nI0gNS9B0AWwUKelZw1oyijCzHXjKQhgig/sY5FipaJ6IUdyvlB7/Yo3hj0tKWosX\nQnfISrioUd1yRVyichuFF+ppLOOLRar2Haly8PltrOnFv//W252tpp4QiDObXdsr\nSCzj+SmEhAWQdaeLlzJ8c7WpHB2j1l62kzi1d/i+XSzCfDyflGIyt+OOz6swl2E5\nmHNc5v8nkOXwHH6M/jQkT7EwntzCF2rlidOY3kVzB7x2w8qRLh/euQx2gtEAU/C0\nrSP4ExJaVBYY+70EEssbuPM3mghFeH3X7dXZJbzXKUm+PqJv54p27oHK3PWcurLr\n08qvpe78bHPZ35USVMNEBlLbwzMXKwb+1/0r4OkS//KIQbxCmijqKKFdrDQ7hqqU\nYX/ai6eNUAoEjDOVowcAAAADAQABAAACAFVHWCy2xGTGDFGPR3XJ0dGim6EDeMD6\nXHteGOsjB0ghX6XnGV1w4XEI9S1Jgji7X5LoEP2lluY/5oEsnbJExES8qc6A23W+\nZVd8oukulv0RhcjHa4bRsxjdP3bCYUJiwc0u2oYAYCKBF0M/rQTIzUCPMFJTDFTV\nbS2m28Eq86LSDfZj773AUgBPYmqsc5k4JDyyzhm1I9rgCgHPk3yQSUSQfkt6QUDr\n2g58S+P3zHle7ysOxAyafgBcxMQcn2OIFTZgR8JSOeM4AsM/x/klw/jbA+ml5tSH\nAzBsh2KHuT4s4g6wCJPpd+9e+1MgWdkeEUpldc0XN5tz51x8X1hFObAOV9CUV7vX\nK+lZM3NkYNxOEwhl6fJT+pKsIstlX2wR55fdCNgXEbU8sWn5GH16FsNb+xlaEqyN\nAyHO8nb38bA4+7n/vgfT6/p5SFaJOqDmW20lZx7JksL1uPlnJnZYMzUsITWT4WUO\nmQZM2Ln0j1hJmvPxXx7K+a3wvYcrHgVauIHNkTvupFQk7qd0jD0BZ+cQBQx7Wpb+\nx7R5jr/Z/xXUXbs/wqP+W1ahomuEUXnfNgaQrCpjWQCCMRc57QGqxJ1S7oExbpS1\nxgH6dGO448fqQNCvIYZJ2qQMetwIJYxleYRlpFcW7HnuFO/dAtxWefBqSdn4eccy\n4G5cPl0J+zxBAAABAQDxbH2qTQs8bjFz2nSkiSQdUS+6Da7CZwVVgpNBV9u7mVp3\ntk33ubXRBk+DcfMZxaoaCg7z2przrqz4XhCV23AXheqhiYCJPcYta5oItS8ZQp8y\ngEP7uOCG+VN4Oqn0vqDeOW09sLrHvvOY91gI638ocl+q/rh7uuJtca9+hK1O2h1U\n2/2EinZh7qZDXUERoVgIGDOCFngfQXkdepcC4lEHKzmdKO0NCYhxJJGKZ6Zwz0bg\nSEv9vK0yNbygljBi88vC/UukCsgZYkzSnG+Q6zeRbL4JyDGCs1wu5kzZ00rlQmte\nrMP/fio29Ittc3qlyvBA7+59GNqBvkFE0TDoGeRXAAABAQDy9X8WiNR5bWFvdlxb\nCopEvfS7ys5aHCJak37iiblCyXm6ff5kJQ+hrwV3Hh0we/SsPgLqh66WjA1Z9yUu\niEwool2Nl9/eu0JfA2ttD0/rzwlXdV5lRQxVvwS50gOpOYc0RP/DdEWwn1ZWXWkF\ni0/Y7dHfhH7MDl7bmVFKiHWQklhj1ajmK+kv54ZTMbaXDvVikitzXgatLGuISgQt\n0vFxG4Dy9Xq/LlhkUJ68O3d7OhW3dEmgXkEU+qZaFoNvrPMMX2BpLKg1kzVQlZR5\n5sA4fidF/G65lZZPAYH0FbnNEzTNRMYeG6iDO4MgmiyNP69+JcBD3zK7FxiyCfnv\n7lHXAAABAQDXobBeQ5p6U0me7UM9lWytLtOboiKjfClYGHVrAIa4/O9eSv01PXuv\nJETHArRUPeZa1GYJuTL5QtP6F85Sf7hZn7c5G9TyQD0cMFEemMT1qnjG9Ozw0Tfc\nMiqCglillJ/1QJ8DfuJchGVTWIT3X2lksAS0ra4Fou7i/hTL1RFt0zzo07W2QUj5\nnPsDUzgMOjf0U9iLUj3NJcdlahdUaLgINW2pZrOIdr+KNhB5zReErNOdz9fg8oyT\nbehmqDlHfEFwob83S0C5qq9JmjZljAxlWH0E3Xq5zVdiaqFkURv2sSq15TGb1NvD\nbTx6kfRc7X17fR6PR79RSlqLqNG9pHJRAAAAAAEC\n-----END OPENSSH PRIVATE KEY-----\n",
            "private_key_pem": "-----BEGIN RSA PRIVATE KEY-----\nMIIJKgIBAAKCAgEAzKWhgxfDg/zvhF+yqC3Q012egiNf765i2qj1AbSej20XQlYe\nwFXHb/cPMBzxHdex/k8wepjC7+wFomc23TVmBTh5I9B5ZaYT0LMGj1vr786IZHYm\npCqc3g0Wx04yZqmhjGhibvnjt8uZFAgGyn4KjIl3axmKYDE2fa9cS5QiGZZ1LWfw\nRIrORKrHm4Bso9CoLMKz1TXqELjSvdqqrjOcYfRdoDRQHrgXy0QYX991RyRbW4aU\n2dWxLIOoMaguWIWQz8awg+1xFLvoe8I83SB2ePz9I0gNS9B0AWwUKelZw1oyijCz\nHXjKQhgig/sY5FipaJ6IUdyvlB7/Yo3hj0tKWosXQnfISrioUd1yRVyichuFF+pp\nLOOLRar2Haly8PltrOnFv//W252tpp4QiDObXdsrSCzj+SmEhAWQdaeLlzJ8c7Wp\nHB2j1l62kzi1d/i+XSzCfDyflGIyt+OOz6swl2E5mHNc5v8nkOXwHH6M/jQkT7Ew\nntzCF2rlidOY3kVzB7x2w8qRLh/euQx2gtEAU/C0rSP4ExJaVBYY+70EEssbuPM3\nmghFeH3X7dXZJbzXKUm+PqJv54p27oHK3PWcurLr08qvpe78bHPZ35USVMNEBlLb\nwzMXKwb+1/0r4OkS//KIQbxCmijqKKFdrDQ7hqqUYX/ai6eNUAoEjDOVowcCAwEA\nAQKCAgBVR1gstsRkxgxRj0d1ydHRopuhA3jA+lx7XhjrIwdIIV+l5xldcOFxCPUt\nSYI4u1+S6BD9pZbmP+aBLJ2yRMREvKnOgNt1vmVXfKLpLpb9EYXIx2uG0bMY3T92\nwmFCYsHNLtqGAGAigRdDP60EyM1AjzBSUwxU1W0tptvBKvOi0g32Y++9wFIAT2Jq\nrHOZOCQ8ss4ZtSPa4AoBz5N8kElEkH5LekFA69oOfEvj98x5Xu8rDsQMmn4AXMTE\nHJ9jiBU2YEfCUjnjOALDP8f5JcP42wPppebUhwMwbIdih7k+LOIOsAiT6XfvXvtT\nIFnZHhFKZXXNFzebc+dcfF9YRTmwDlfQlFe71yvpWTNzZGDcThMIZenyU/qSrCLL\nZV9sEeeX3QjYFxG1PLFp+Rh9ehbDW/sZWhKsjQMhzvJ29/GwOPu5/74H0+v6eUhW\niTqg5lttJWceyZLC9bj5ZyZ2WDM1LCE1k+FlDpkGTNi59I9YSZrz8V8eyvmt8L2H\nKx4FWriBzZE77qRUJO6ndIw9AWfnEAUMe1qW/se0eY6/2f8V1F27P8Kj/ltWoaJr\nhFF53zYGkKwqY1kAgjEXOe0BqsSdUu6BMW6UtcYB+nRjuOPH6kDQryGGSdqkDHrc\nCCWMZXmEZaRXFux57hTv3QLcVnnwaknZ+HnHMuBuXD5dCfs8QQKCAQEA8vV/FojU\neW1hb3ZcWwqKRL30u8rOWhwiWpN+4om5Qsl5un3+ZCUPoa8Fdx4dMHv0rD4C6oeu\nlowNWfclLohMKKJdjZff3rtCXwNrbQ9P688JV3VeZUUMVb8EudIDqTmHNET/w3RF\nsJ9WVl1pBYtP2O3R34R+zA5e25lRSoh1kJJYY9Wo5ivpL+eGUzG2lw71YpIrc14G\nrSxriEoELdLxcRuA8vV6vy5YZFCevDt3ezoVt3RJoF5BFPqmWhaDb6zzDF9gaSyo\nNZM1UJWUeebAOH4nRfxuuZWWTwGB9BW5zRM0zUTGHhuogzuDIJosjT+vfiXAQ98y\nuxcYsgn57+5R1wKCAQEA16GwXkOaelNJnu1DPZVsrS7Tm6Iio3wpWBh1awCGuPzv\nXkr9NT17ryRExwK0VD3mWtRmCbky+ULT+hfOUn+4WZ+3ORvU8kA9HDBRHpjE9ap4\nxvTs8NE33DIqgoJYpZSf9UCfA37iXIRlU1iE919pZLAEtK2uBaLu4v4Uy9URbdM8\n6NO1tkFI+Zz7A1M4DDo39FPYi1I9zSXHZWoXVGi4CDVtqWaziHa/ijYQec0XhKzT\nnc/X4PKMk23oZqg5R3xBcKG/N0tAuaqvSZo2ZYwMZVh9BN16uc1XYmqhZFEb9rEq\nteUxm9Tbw208epH0XO19e30ej0e/UUpai6jRvaRyUQKCAQEAhGJcc2zvSZLeKpv1\nyu29VaOjvMfPFK6L0YrY8ptUxR1/JK0OdobzM4hok/Vmtkp0kX3gnOZ9rS52//R4\n4BgIV4PRMhv1MiobCiaU3IIhbD4NuwgK/WdYR0ikTJQwxn7AOyz1qAytBIZtxvVz\nCkBUq8E6QG6zoICcE1BBSTl9xd7YJt3/ABwhHacsPBy0fy75alJ3No+fV7ECjuq1\nyDpOsPDpnHlB/vZD17VOKQbGHfEScDn+/FEfaU0CY8gsqic08CLwJ57bsQWbYWN/\n2cRwLNggkjPwKVNm6XnK07Ma4LF8bfTxdupfMdK1qogXioePGk97qf/uZp85J5nk\nBGZ5VQKCAQEAlf3Xo8pcoyhaNp2Nv0G4ZcMD2OdwNs5AKBJjYrnr/LOcgbeh6C3L\nYinVWaVM8KhaGuZR0AOuLGrK7tUuZH6JKnaJycTNXHFI0NnfI2xa3RPmjWaDhoPR\n2m5e2Yd3yD3ZAo0fzxuss3Q40z/oxfXtZud1boS9XxhWGTlqF9svE3jzjnTtmkhR\nTahfhpGVlBPPJjpIj6j2akQULjwc3E83bCZWEJbq3UrUs3wl+8Ooz1Y0oTqZTNUK\n6eZy2S29IjeRgZpRW1ISRNQwt/74RaykVr61v/Ob0bC/Tysi9pfg3rmgHwS9fEsV\nTxwmDJCILTfZqFOBNWNP9mjFEQ6uTr8b8QKCAQEA8Wx9qk0LPG4xc9p0pIkkHVEv\nug2uwmcFVYKTQVfbu5lad7ZN97m10QZPg3HzGcWqGgoO89qa866s+F4QldtwF4Xq\noYmAiT3GLWuaCLUvGUKfMoBD+7jghvlTeDqp9L6g3jltPbC6x77zmPdYCOt/KHJf\nqv64e7ribXGvfoStTtodVNv9hIp2Ye6mQ11BEaFYCBgzghZ4H0F5HXqXAuJRBys5\nnSjtDQmIcSSRimemcM9G4EhL/bytMjW8oJYwYvPLwv1LpArIGWJM0pxvkOs3kWy+\nCcgxgrNcLuZM2dNK5UJrXqzD/34qNvSLbXN6pcrwQO/ufRjagb5BRNEw6BnkVw==\n-----END RSA PRIVATE KEY-----\n",
            "private_key_pem_pkcs8": "-----BEGIN PRIVATE KEY-----\nMIIJRAIBADANBgkqhkiG9w0BAQEFAASCCS4wggkqAgEAAoICAQDMpaGDF8OD/O+E\nX7KoLdDTXZ6CI1/vrmLaqPUBtJ6PbRdCVh7AVcdv9w8wHPEd17H+TzB6mMLv7AWi\nZzbdNWYFOHkj0HllphPQswaPW+vvzohkdiakKpzeDRbHTjJmqaGMaGJu+eO3y5kU\nCAbKfgqMiXdrGYpgMTZ9r1xLlCIZlnUtZ/BEis5EqsebgGyj0KgswrPVNeoQuNK9\n2qquM5xh9F2gNFAeuBfLRBhf33VHJFtbhpTZ1bEsg6gxqC5YhZDPxrCD7XEUu+h7\nwjzdIHZ4/P0jSA1L0HQBbBQp6VnDWjKKMLMdeMpCGCKD+xjkWKlonohR3K+UHv9i\njeGPS0paixdCd8hKuKhR3XJFXKJyG4UX6mks44tFqvYdqXLw+W2s6cW//9bbna2m\nnhCIM5td2ytILOP5KYSEBZB1p4uXMnxztakcHaPWXraTOLV3+L5dLMJ8PJ+UYjK3\n447PqzCXYTmYc1zm/yeQ5fAcfoz+NCRPsTCe3MIXauWJ05jeRXMHvHbDypEuH965\nDHaC0QBT8LStI/gTElpUFhj7vQQSyxu48zeaCEV4fdft1dklvNcpSb4+om/ninbu\ngcrc9Zy6suvTyq+l7vxsc9nflRJUw0QGUtvDMxcrBv7X/Svg6RL/8ohBvEKaKOoo\noV2sNDuGqpRhf9qLp41QCgSMM5WjBwIDAQABAoICAFVHWCy2xGTGDFGPR3XJ0dGi\nm6EDeMD6XHteGOsjB0ghX6XnGV1w4XEI9S1Jgji7X5LoEP2lluY/5oEsnbJExES8\nqc6A23W+ZVd8oukulv0RhcjHa4bRsxjdP3bCYUJiwc0u2oYAYCKBF0M/rQTIzUCP\nMFJTDFTVbS2m28Eq86LSDfZj773AUgBPYmqsc5k4JDyyzhm1I9rgCgHPk3yQSUSQ\nfkt6QUDr2g58S+P3zHle7ysOxAyafgBcxMQcn2OIFTZgR8JSOeM4AsM/x/klw/jb\nA+ml5tSHAzBsh2KHuT4s4g6wCJPpd+9e+1MgWdkeEUpldc0XN5tz51x8X1hFObAO\nV9CUV7vXK+lZM3NkYNxOEwhl6fJT+pKsIstlX2wR55fdCNgXEbU8sWn5GH16FsNb\n+xlaEqyNAyHO8nb38bA4+7n/vgfT6/p5SFaJOqDmW20lZx7JksL1uPlnJnZYMzUs\nITWT4WUOmQZM2Ln0j1hJmvPxXx7K+a3wvYcrHgVauIHNkTvupFQk7qd0jD0BZ+cQ\nBQx7Wpb+x7R5jr/Z/xXUXbs/wqP+W1ahomuEUXnfNgaQrCpjWQCCMRc57QGqxJ1S\n7oExbpS1xgH6dGO448fqQNCvIYZJ2qQMetwIJYxleYRlpFcW7HnuFO/dAtxWefBq\nSdn4eccy4G5cPl0J+zxBAoIBAQDy9X8WiNR5bWFvdlxbCopEvfS7ys5aHCJak37i\niblCyXm6ff5kJQ+hrwV3Hh0we/SsPgLqh66WjA1Z9yUuiEwool2Nl9/eu0JfA2tt\nD0/rzwlXdV5lRQxVvwS50gOpOYc0RP/DdEWwn1ZWXWkFi0/Y7dHfhH7MDl7bmVFK\niHWQklhj1ajmK+kv54ZTMbaXDvVikitzXgatLGuISgQt0vFxG4Dy9Xq/LlhkUJ68\nO3d7OhW3dEmgXkEU+qZaFoNvrPMMX2BpLKg1kzVQlZR55sA4fidF/G65lZZPAYH0\nFbnNEzTNRMYeG6iDO4MgmiyNP69+JcBD3zK7FxiyCfnv7lHXAoIBAQDXobBeQ5p6\nU0me7UM9lWytLtOboiKjfClYGHVrAIa4/O9eSv01PXuvJETHArRUPeZa1GYJuTL5\nQtP6F85Sf7hZn7c5G9TyQD0cMFEemMT1qnjG9Ozw0TfcMiqCglillJ/1QJ8DfuJc\nhGVTWIT3X2lksAS0ra4Fou7i/hTL1RFt0zzo07W2QUj5nPsDUzgMOjf0U9iLUj3N\nJcdlahdUaLgINW2pZrOIdr+KNhB5zReErNOdz9fg8oyTbehmqDlHfEFwob83S0C5\nqq9JmjZljAxlWH0E3Xq5zVdiaqFkURv2sSq15TGb1NvDbTx6kfRc7X17fR6PR79R\nSlqLqNG9pHJRAoIBAQCEYlxzbO9Jkt4qm/XK7b1Vo6O8x88UrovRitjym1TFHX8k\nrQ52hvMziGiT9Wa2SnSRfeCc5n2tLnb/9HjgGAhXg9EyG/UyKhsKJpTcgiFsPg27\nCAr9Z1hHSKRMlDDGfsA7LPWoDK0Ehm3G9XMKQFSrwTpAbrOggJwTUEFJOX3F3tgm\n3f8AHCEdpyw8HLR/LvlqUnc2j59XsQKO6rXIOk6w8OmceUH+9kPXtU4pBsYd8RJw\nOf78UR9pTQJjyCyqJzTwIvAnntuxBZthY3/ZxHAs2CCSM/ApU2bpecrTsxrgsXxt\n9PF26l8x0rWqiBeKh48aT3up/+5mnzknmeQEZnlVAoIBAQCV/dejylyjKFo2nY2/\nQbhlwwPY53A2zkAoEmNiuev8s5yBt6HoLctiKdVZpUzwqFoa5lHQA64sasru1S5k\nfokqdonJxM1ccUjQ2d8jbFrdE+aNZoOGg9Habl7Zh3fIPdkCjR/PG6yzdDjTP+jF\n9e1m53VuhL1fGFYZOWoX2y8TePOOdO2aSFFNqF+GkZWUE88mOkiPqPZqRBQuPBzc\nTzdsJlYQlurdStSzfCX7w6jPVjShOplM1Qrp5nLZLb0iN5GBmlFbUhJE1DC3/vhF\nrKRWvrW/85vRsL9PKyL2l+DeuaAfBL18SxVPHCYMkIgtN9moU4E1Y0/2aMURDq5O\nvxvxAoIBAQDxbH2qTQs8bjFz2nSkiSQdUS+6Da7CZwVVgpNBV9u7mVp3tk33ubXR\nBk+DcfMZxaoaCg7z2przrqz4XhCV23AXheqhiYCJPcYta5oItS8ZQp8ygEP7uOCG\n+VN4Oqn0vqDeOW09sLrHvvOY91gI638ocl+q/rh7uuJtca9+hK1O2h1U2/2EinZh\n7qZDXUERoVgIGDOCFngfQXkdepcC4lEHKzmdKO0NCYhxJJGKZ6Zwz0bgSEv9vK0y\nNbygljBi88vC/UukCsgZYkzSnG+Q6zeRbL4JyDGCs1wu5kzZ00rlQmterMP/fio2\n9Ittc3qlyvBA7+59GNqBvkFE0TDoGeRX\n-----END PRIVATE KEY-----\n",
            "public_key_fingerprint_md5": "38:7b:64:08:ff:88:0b:7b:d5:82:ef:36:ac:28:7c:87",
            "public_key_fingerprint_sha256": "SHA256:CP2htp7rNMhiNHobqHv9epLnRBQAiGNlJHb0kbzbGHg",
            "public_key_openssh": "ssh-rsa AAAAB3NzaC1yc2EAAAADAQABAAACAQDMpaGDF8OD/O+EX7KoLdDTXZ6CI1/vrmLaqPUBtJ6PbRdCVh7AVcdv9w8wHPEd17H+TzB6mMLv7AWiZzbdNWYFOHkj0HllphPQswaPW+vvzohkdiakKpzeDRbHTjJmqaGMaGJu+eO3y5kUCAbKfgqMiXdrGYpgMTZ9r1xLlCIZlnUtZ/BEis5EqsebgGyj0KgswrPVNeoQuNK92qquM5xh9F2gNFAeuBfLRBhf33VHJFtbhpTZ1bEsg6gxqC5YhZDPxrCD7XEUu+h7wjzdIHZ4/P0jSA1L0HQBbBQp6VnDWjKKMLMdeMpCGCKD+xjkWKlonohR3K+UHv9ijeGPS0paixdCd8hKuKhR3XJFXKJyG4UX6mks44tFqvYdqXLw+W2s6cW//9bbna2mnhCIM5td2ytILOP5KYSEBZB1p4uXMnxztakcHaPWXraTOLV3+L5dLMJ8PJ+UYjK3447PqzCXYTmYc1zm/yeQ5fAcfoz+NCRPsTCe3MIXauWJ05jeRXMHvHbDypEuH965DHaC0QBT8LStI/gTElpUFhj7vQQSyxu48zeaCEV4fdft1dklvNcpSb4+om/ninbugcrc9Zy6suvTyq+l7vxsc9nflRJUw0QGUtvDMxcrBv7X/Svg6RL/8ohBvEKaKOoooV2sNDuGqpRhf9qLp41QCgSMM5WjBw==\n",
            "public_key_pem": "-----BEGIN PUBLIC KEY-----\nMIICIjANBgkqhkiG9w0BAQEFAAOCAg8AMIICCgKCAgEAzKWhgxfDg/zvhF+yqC3Q\n012egiNf765i2qj1AbSej20XQlYewFXHb/cPMBzxHdex/k8wepjC7+wFomc23TVm\nBTh5I9B5ZaYT0LMGj1vr786IZHYmpCqc3g0Wx04yZqmhjGhibvnjt8uZFAgGyn4K\njIl3axmKYDE2fa9cS5QiGZZ1LWfwRIrORKrHm4Bso9CoLMKz1TXqELjSvdqqrjOc\nYfRdoDRQHrgXy0QYX991RyRbW4aU2dWxLIOoMaguWIWQz8awg+1xFLvoe8I83SB2\nePz9I0gNS9B0AWwUKelZw1oyijCzHXjKQhgig/sY5FipaJ6IUdyvlB7/Yo3hj0tK\nWosXQnfISrioUd1yRVyichuFF+ppLOOLRar2Haly8PltrOnFv//W252tpp4QiDOb\nXdsrSCzj+SmEhAWQdaeLlzJ8c7WpHB2j1l62kzi1d/i+XSzCfDyflGIyt+OOz6sw\nl2E5mHNc5v8nkOXwHH6M/jQkT7EwntzCF2rlidOY3kVzB7x2w8qRLh/euQx2gtEA\nU/C0rSP4ExJaVBYY+70EEssbuPM3mghFeH3X7dXZJbzXKUm+PqJv54p27oHK3PWc\nurLr08qvpe78bHPZ35USVMNEBlLbwzMXKwb+1/0r4OkS//KIQbxCmijqKKFdrDQ7\nhqqUYX/ai6eNUAoEjDOVowcCAwEAAQ==\n-----END PUBLIC KEY-----\n",
            "rsa_bits": 4096
          },
          "sensitive_attributes": []
        }
      ]
    }
  ]
}
